# This file is automatically @generated by Poetry 2.1.4 and should not be changed by hand.

[[package]]
name = "pluggy"
version = "1.6.0"
description = "plugin and hook calling mechanisms for python"
optional = false
python-versions = ">=3.9"
groups = ["main"]
files = [
    {file = "pluggy-1.6.0.tar.gz", hash = "sha256:7dcc130b76258d33b90f61b658791dede3486c3e6bfb003ee5c9bfb396dd22f3"},
]

[package.extras]
dev = ["pre-commit", "tox"]
testing = ["coverage", "pytest", "pytest-benchmark"]

[metadata]
lock-version = "2.1"
python-versions = ">=3.11"
content-hash = "32ff7ec3065c622ee445e2a956de14ddb485a0894d134a91765f899dc7ba59b4"
